
Microsoft Visual Studio Solution File, Format Version 12.00
# Visual Studio Version 17
VisualStudioVersion = 17.14.37216.2 d17.14
MinimumVisualStudioVersion = 10.0.40219.1
Project("{FAE04EC0-301F-11D3-BF4B-00C04F79EFBC}") = "HiwleawHubAdminApp", "HiwleawHubAdminApp\HiwleawHubAdminApp.csproj", "{6BB9692E-78DA-4457-B14A-C837F0C8818F}"
EndProject
Project("{FAE04EC0-301F-11D3-BF4B-00C04F79EFBC}") = "HiwleawHubShared", "..\HiwleawHubServer\HiwleawHubShared\HiwleawHubShared.csproj", "{288E2C5A-87B7-A932-C7B2-709147C75303}"
EndProject
Global
	GlobalSection(SolutionConfigurationPlatforms) = preSolution
		Debug|Any CPU = Debug|Any CPU
		Release|Any CPU = Release|Any CPU
	EndGlobalSection
	GlobalSection(ProjectConfigurationPlatforms) = postSolution
		{6BB9692E-78DA-4457-B14A-C837F0C8818F}.Debug|Any CPU.ActiveCfg = Debug|Any CPU
		{6BB9692E-78DA-4457-B14A-C837F0C8818F}.Debug|Any CPU.Build.0 = Debug|Any CPU
		{6BB9692E-78DA-4457-B14A-C837F0C8818F}.Release|Any CPU.ActiveCfg = Release|Any CPU
		{6BB9692E-78DA-4457-B14A-C837F0C8818F}.Release|Any CPU.Build.0 = Release|Any CPU
		{288E2C5A-87B7-A932-C7B2-709147C75303}.Debug|Any CPU.ActiveCfg = Debug|Any CPU
		{288E2C5A-87B7-A932-C7B2-709147C75303}.Debug|Any CPU.Build.0 = Debug|Any CPU
		{288E2C5A-87B7-A932-C7B2-709147C75303}.Release|Any CPU.ActiveCfg = Release|Any CPU
		{288E2C5A-87B7-A932-C7B2-709147C75303}.Release|Any CPU.Build.0 = Release|Any CPU
	EndGlobalSection
	GlobalSection(SolutionProperties) = preSolution
		HideSolutionNode = FALSE
	EndGlobalSection
	GlobalSection(ExtensibilityGlobals) = postSolution
		SolutionGuid = {B18B2CA2-D801-4088-A8C1-921F98FD2312}
	EndGlobalSection
EndGlobal
